
Microsoft Visual Studio Solution File, Format Version 12.00
# Visual Studio Version 16
VisualStudioVersion = 16.0.33130.400
MinimumVisualStudioVersion = 10.0.40219.1
Project("{FAE04EC0-301F-11D3-BF4B-00C04F79EFBC}") = "0_Main", "0_Main\0_Main.csproj", "{FC696EEA-E016-46A7-978F-1FE3045FDF19}"
EndProject
Project("{FAE04EC0-301F-11D3-BF4B-00C04F79EFBC}") = "1_TwoSum", "1_TwoSum\1_TwoSum.csproj", "{0FAD7465-0086-4924-918A-17C39E3E7F6C}"
EndProject
Project("{FAE04EC0-301F-11D3-BF4B-00C04F79EFBC}") = "2_AddTwoNumbers", "2_AddTwoNumbers\2_AddTwoNumbers.csproj", "{D3C5DC5D-FE45-41A4-84CD-1B261D2FCC82}"
EndProject
Project("{FAE04EC0-301F-11D3-BF4B-00C04F79EFBC}") = "9_PalindromeNumber", "9_PalindromeNumber\9_PalindromeNumber.csproj", "{79717A98-50E6-42C7-9BE1-564D6E5108E9}"
EndProject
Project("{FAE04EC0-301F-11D3-BF4B-00C04F79EFBC}") = "13_RomanToInteger", "13_RomanToInteger\13_RomanToInteger.csproj", "{8479BFF8-8D78-4098-B89F-D58275C77698}"
EndProject
Project("{FAE04EC0-301F-11D3-BF4B-00C04F79EFBC}") = "0_Xtra", "0_Xtra\0_Xtra.csproj", "{F774DDB4-60FF-4F37-89A2-1E5DCF4CE08D}"
EndProject
Project("{FAE04EC0-301F-11D3-BF4B-00C04F79EFBC}") = "14_LongestCommonPrefix", "14_LongestCommonPrefix\14_LongestCommonPrefix.csproj", "{2B7DEBAF-3A1C-4A34-AE1D-7F0DFEFD03BF}"
EndProject
Project("{FAE04EC0-301F-11D3-BF4B-00C04F79EFBC}") = "20_ValidParentheses", "20_ValidParentheses\20_ValidParentheses.csproj", "{431636C4-D566-4197-86C1-E848BE9A5E4A}"
EndProject
Project("{FAE04EC0-301F-11D3-BF4B-00C04F79EFBC}") = "21_MergeTwoSortedLists", "21_MergeTwoSortedLists\21_MergeTwoSortedLists.csproj", "{76D4A997-6AEB-4E27-9198-F3E149FD796C}"
EndProject
Project("{FAE04EC0-301F-11D3-BF4B-00C04F79EFBC}") = "26_RemoveDuplicatesFromSortedArray", "26_RemoveDuplicatesFromSortedArray\26_RemoveDuplicatesFromSortedArray.csproj", "{F12D7DC7-56CC-4F77-8E1C-28D053867596}"
EndProject
Project("{FAE04EC0-301F-11D3-BF4B-00C04F79EFBC}") = "27_RemoveElement", "27_RemoveElement\27_RemoveElement.csproj", "{F682C432-23FA-4900-9A69-24838C9E00B7}"
EndProject
Project("{FAE04EC0-301F-11D3-BF4B-00C04F79EFBC}") = "28_FindTheIndexOfTheFirstOccurrenceInAString", "28_FindTheIndexOfTheFirstOccurrenceInAString\28_FindTheIndexOfTheFirstOccurrenceInAString.csproj", "{60E81E58-1E51-4A89-8318-4D5334BE5086}"
EndProject
Global
	GlobalSection(SolutionConfigurationPlatforms) = preSolution
		Debug|Any CPU = Debug|Any CPU
		Release|Any CPU = Release|Any CPU
	EndGlobalSection
	GlobalSection(ProjectConfigurationPlatforms) = postSolution
		{FC696EEA-E016-46A7-978F-1FE3045FDF19}.Debug|Any CPU.ActiveCfg = Debug|Any CPU
		{FC696EEA-E016-46A7-978F-1FE3045FDF19}.Debug|Any CPU.Build.0 = Debug|Any CPU
		{FC696EEA-E016-46A7-978F-1FE3045FDF19}.Release|Any CPU.ActiveCfg = Release|Any CPU
		{FC696EEA-E016-46A7-978F-1FE3045FDF19}.Release|Any CPU.Build.0 = Release|Any CPU
		{0FAD7465-0086-4924-918A-17C39E3E7F6C}.Debug|Any CPU.ActiveCfg = Debug|Any CPU
		{0FAD7465-0086-4924-918A-17C39E3E7F6C}.Debug|Any CPU.Build.0 = Debug|Any CPU
		{0FAD7465-0086-4924-918A-17C39E3E7F6C}.Release|Any CPU.ActiveCfg = Release|Any CPU
		{0FAD7465-0086-4924-918A-17C39E3E7F6C}.Release|Any CPU.Build.0 = Release|Any CPU
		{D3C5DC5D-FE45-41A4-84CD-1B261D2FCC82}.Debug|Any CPU.ActiveCfg = Debug|Any CPU
		{D3C5DC5D-FE45-41A4-84CD-1B261D2FCC82}.Debug|Any CPU.Build.0 = Debug|Any CPU
		{D3C5DC5D-FE45-41A4-84CD-1B261D2FCC82}.Release|Any CPU.ActiveCfg = Release|Any CPU
		{D3C5DC5D-FE45-41A4-84CD-1B261D2FCC82}.Release|Any CPU.Build.0 = Release|Any CPU
		{79717A98-50E6-42C7-9BE1-564D6E5108E9}.Debug|Any CPU.ActiveCfg = Debug|Any CPU
		{79717A98-50E6-42C7-9BE1-564D6E5108E9}.Debug|Any CPU.Build.0 = Debug|Any CPU
		{79717A98-50E6-42C7-9BE1-564D6E5108E9}.Release|Any CPU.ActiveCfg = Release|Any CPU
		{79717A98-50E6-42C7-9BE1-564D6E5108E9}.Release|Any CPU.Build.0 = Release|Any CPU
		{8479BFF8-8D78-4098-B89F-D58275C77698}.Debug|Any CPU.ActiveCfg = Debug|Any CPU
		{8479BFF8-8D78-4098-B89F-D58275C77698}.Debug|Any CPU.Build.0 = Debug|Any CPU
		{8479BFF8-8D78-4098-B89F-D58275C77698}.Release|Any CPU.ActiveCfg = Release|Any CPU
		{8479BFF8-8D78-4098-B89F-D58275C77698}.Release|Any CPU.Build.0 = Release|Any CPU
		{F774DDB4-60FF-4F37-89A2-1E5DCF4CE08D}.Debug|Any CPU.ActiveCfg = Debug|Any CPU
		{F774DDB4-60FF-4F37-89A2-1E5DCF4CE08D}.Debug|Any CPU.Build.0 = Debug|Any CPU
		{F774DDB4-60FF-4F37-89A2-1E5DCF4CE08D}.Release|Any CPU.ActiveCfg = Release|Any CPU
		{F774DDB4-60FF-4F37-89A2-1E5DCF4CE08D}.Release|Any CPU.Build.0 = Release|Any CPU
		{2B7DEBAF-3A1C-4A34-AE1D-7F0DFEFD03BF}.Debug|Any CPU.ActiveCfg = Debug|Any CPU
		{2B7DEBAF-3A1C-4A34-AE1D-7F0DFEFD03BF}.Debug|Any CPU.Build.0 = Debug|Any CPU
		{2B7DEBAF-3A1C-4A34-AE1D-7F0DFEFD03BF}.Release|Any CPU.ActiveCfg = Release|Any CPU
		{2B7DEBAF-3A1C-4A34-AE1D-7F0DFEFD03BF}.Release|Any CPU.Build.0 = Release|Any CPU
		{431636C4-D566-4197-86C1-E848BE9A5E4A}.Debug|Any CPU.ActiveCfg = Debug|Any CPU
		{431636C4-D566-4197-86C1-E848BE9A5E4A}.Debug|Any CPU.Build.0 = Debug|Any CPU
		{431636C4-D566-4197-86C1-E848BE9A5E4A}.Release|Any CPU.ActiveCfg = Release|Any CPU
		{431636C4-D566-4197-86C1-E848BE9A5E4A}.Release|Any CPU.Build.0 = Release|Any CPU
		{76D4A997-6AEB-4E27-9198-F3E149FD796C}.Debug|Any CPU.ActiveCfg = Debug|Any CPU
		{76D4A997-6AEB-4E27-9198-F3E149FD796C}.Debug|Any CPU.Build.0 = Debug|Any CPU
		{76D4A997-6AEB-4E27-9198-F3E149FD796C}.Release|Any CPU.ActiveCfg = Release|Any CPU
		{76D4A997-6AEB-4E27-9198-F3E149FD796C}.Release|Any CPU.Build.0 = Release|Any CPU
		{F12D7DC7-56CC-4F77-8E1C-28D053867596}.Debug|Any CPU.ActiveCfg = Debug|Any CPU
		{F12D7DC7-56CC-4F77-8E1C-28D053867596}.Debug|Any CPU.Build.0 = Debug|Any CPU
		{F12D7DC7-56CC-4F77-8E1C-28D053867596}.Release|Any CPU.ActiveCfg = Release|Any CPU
		{F12D7DC7-56CC-4F77-8E1C-28D053867596}.Release|Any CPU.Build.0 = Release|Any CPU
		{F682C432-23FA-4900-9A69-24838C9E00B7}.Debug|Any CPU.ActiveCfg = Debug|Any CPU
		{F682C432-23FA-4900-9A69-24838C9E00B7}.Debug|Any CPU.Build.0 = Debug|Any CPU
		{F682C432-23FA-4900-9A69-24838C9E00B7}.Release|Any CPU.ActiveCfg = Release|Any CPU
		{F682C432-23FA-4900-9A69-24838C9E00B7}.Release|Any CPU.Build.0 = Release|Any CPU
		{60E81E58-1E51-4A89-8318-4D5334BE5086}.Debug|Any CPU.ActiveCfg = Debug|Any CPU
		{60E81E58-1E51-4A89-8318-4D5334BE5086}.Debug|Any CPU.Build.0 = Debug|Any CPU
		{60E81E58-1E51-4A89-8318-4D5334BE5086}.Release|Any CPU.ActiveCfg = Release|Any CPU
		{60E81E58-1E51-4A89-8318-4D5334BE5086}.Release|Any CPU.Build.0 = Release|Any CPU
	EndGlobalSection
	GlobalSection(SolutionProperties) = preSolution
		HideSolutionNode = FALSE
	EndGlobalSection
	GlobalSection(ExtensibilityGlobals) = postSolution
		SolutionGuid = {EFE19EF7-DAC5-44F9-8E43-3467C3732F80}
	EndGlobalSection
EndGlobal
