
Microsoft Visual Studio Solution File, Format Version 12.00
# Visual Studio Version 16
VisualStudioVersion = 16.0.33130.400
MinimumVisualStudioVersion = 10.0.40219.1
Project("{FAE04EC0-301F-11D3-BF4B-00C04F79EFBC}") = "0_Main", "0_Main\0_Main.csproj", "{FC696EEA-E016-46A7-978F-1FE3045FDF19}"
EndProject
Project("{FAE04EC0-301F-11D3-BF4B-00C04F79EFBC}") = "1_TwoSum", "1_TwoSum\1_TwoSum.csproj", "{0FAD7465-0086-4924-918A-17C39E3E7F6C}"
EndProject
Global
	GlobalSection(SolutionConfigurationPlatforms) = preSolution
		Debug|Any CPU = Debug|Any CPU
		Release|Any CPU = Release|Any CPU
	EndGlobalSection
	GlobalSection(ProjectConfigurationPlatforms) = postSolution
		{FC696EEA-E016-46A7-978F-1FE3045FDF19}.Debug|Any CPU.ActiveCfg = Debug|Any CPU
		{FC696EEA-E016-46A7-978F-1FE3045FDF19}.Debug|Any CPU.Build.0 = Debug|Any CPU
		{FC696EEA-E016-46A7-978F-1FE3045FDF19}.Release|Any CPU.ActiveCfg = Release|Any CPU
		{FC696EEA-E016-46A7-978F-1FE3045FDF19}.Release|Any CPU.Build.0 = Release|Any CPU
		{0FAD7465-0086-4924-918A-17C39E3E7F6C}.Debug|Any CPU.ActiveCfg = Debug|Any CPU
		{0FAD7465-0086-4924-918A-17C39E3E7F6C}.Debug|Any CPU.Build.0 = Debug|Any CPU
		{0FAD7465-0086-4924-918A-17C39E3E7F6C}.Release|Any CPU.ActiveCfg = Release|Any CPU
		{0FAD7465-0086-4924-918A-17C39E3E7F6C}.Release|Any CPU.Build.0 = Release|Any CPU
	EndGlobalSection
	GlobalSection(SolutionProperties) = preSolution
		HideSolutionNode = FALSE
	EndGlobalSection
	GlobalSection(ExtensibilityGlobals) = postSolution
		SolutionGuid = {EFE19EF7-DAC5-44F9-8E43-3467C3732F80}
	EndGlobalSection
EndGlobal
