
Microsoft Visual Studio Solution File, Format Version 12.00
# Visual Studio Version 16
VisualStudioVersion = 16.0.33130.400
MinimumVisualStudioVersion = 10.0.40219.1
Project("{FAE04EC0-301F-11D3-BF4B-00C04F79EFBC}") = "0_Main", "0_Main\0_Main.csproj", "{FC696EEA-E016-46A7-978F-1FE3045FDF19}"
EndProject
Project("{FAE04EC0-301F-11D3-BF4B-00C04F79EFBC}") = "1_TwoSum", "1_TwoSum\1_TwoSum.csproj", "{0FAD7465-0086-4924-918A-17C39E3E7F6C}"
EndProject
Project("{FAE04EC0-301F-11D3-BF4B-00C04F79EFBC}") = "2_AddTwoNumbers", "2_AddTwoNumbers\2_AddTwoNumbers.csproj", "{D3C5DC5D-FE45-41A4-84CD-1B261D2FCC82}"
EndProject
Project("{FAE04EC0-301F-11D3-BF4B-00C04F79EFBC}") = "9_PalindromeNumber", "9_PalindromeNumber\9_PalindromeNumber.csproj", "{79717A98-50E6-42C7-9BE1-564D6E5108E9}"
EndProject
Project("{FAE04EC0-301F-11D3-BF4B-00C04F79EFBC}") = "13_RomanToInteger", "13_RomanToInteger\13_RomanToInteger.csproj", "{8479BFF8-8D78-4098-B89F-D58275C77698}"
EndProject
Global
	GlobalSection(SolutionConfigurationPlatforms) = preSolution
		Debug|Any CPU = Debug|Any CPU
		Release|Any CPU = Release|Any CPU
	EndGlobalSection
	GlobalSection(ProjectConfigurationPlatforms) = postSolution
		{FC696EEA-E016-46A7-978F-1FE3045FDF19}.Debug|Any CPU.ActiveCfg = Debug|Any CPU
		{FC696EEA-E016-46A7-978F-1FE3045FDF19}.Debug|Any CPU.Build.0 = Debug|Any CPU
		{FC696EEA-E016-46A7-978F-1FE3045FDF19}.Release|Any CPU.ActiveCfg = Release|Any CPU
		{FC696EEA-E016-46A7-978F-1FE3045FDF19}.Release|Any CPU.Build.0 = Release|Any CPU
		{0FAD7465-0086-4924-918A-17C39E3E7F6C}.Debug|Any CPU.ActiveCfg = Debug|Any CPU
		{0FAD7465-0086-4924-918A-17C39E3E7F6C}.Debug|Any CPU.Build.0 = Debug|Any CPU
		{0FAD7465-0086-4924-918A-17C39E3E7F6C}.Release|Any CPU.ActiveCfg = Release|Any CPU
		{0FAD7465-0086-4924-918A-17C39E3E7F6C}.Release|Any CPU.Build.0 = Release|Any CPU
		{D3C5DC5D-FE45-41A4-84CD-1B261D2FCC82}.Debug|Any CPU.ActiveCfg = Debug|Any CPU
		{D3C5DC5D-FE45-41A4-84CD-1B261D2FCC82}.Debug|Any CPU.Build.0 = Debug|Any CPU
		{D3C5DC5D-FE45-41A4-84CD-1B261D2FCC82}.Release|Any CPU.ActiveCfg = Release|Any CPU
		{D3C5DC5D-FE45-41A4-84CD-1B261D2FCC82}.Release|Any CPU.Build.0 = Release|Any CPU
		{79717A98-50E6-42C7-9BE1-564D6E5108E9}.Debug|Any CPU.ActiveCfg = Debug|Any CPU
		{79717A98-50E6-42C7-9BE1-564D6E5108E9}.Debug|Any CPU.Build.0 = Debug|Any CPU
		{79717A98-50E6-42C7-9BE1-564D6E5108E9}.Release|Any CPU.ActiveCfg = Release|Any CPU
		{79717A98-50E6-42C7-9BE1-564D6E5108E9}.Release|Any CPU.Build.0 = Release|Any CPU
		{8479BFF8-8D78-4098-B89F-D58275C77698}.Debug|Any CPU.ActiveCfg = Debug|Any CPU
		{8479BFF8-8D78-4098-B89F-D58275C77698}.Debug|Any CPU.Build.0 = Debug|Any CPU
		{8479BFF8-8D78-4098-B89F-D58275C77698}.Release|Any CPU.ActiveCfg = Release|Any CPU
		{8479BFF8-8D78-4098-B89F-D58275C77698}.Release|Any CPU.Build.0 = Release|Any CPU
	EndGlobalSection
	GlobalSection(SolutionProperties) = preSolution
		HideSolutionNode = FALSE
	EndGlobalSection
	GlobalSection(ExtensibilityGlobals) = postSolution
		SolutionGuid = {EFE19EF7-DAC5-44F9-8E43-3467C3732F80}
	EndGlobalSection
EndGlobal
